<?xml version="1.0" encoding="utf-8"?>
<Project ToolsVersion="4.0" xmlns="http://schemas.microsoft.com/developer/msbuild/2003">
  <ItemGroup>
    <ClCompile Include="main.cpp" />
    <ClCompile Include="SpiderContextChangedEvent.pb.cc" />
    <ClCompile Include="SpiderEnveloppe.pb.cc" />
    <ClCompile Include="SpiderKeyLoggingPayload.pb.cc" />
    <ClCompile Include="SpiderResponse.pb.cc" />
    <ClCompile Include="test.pb.cc" />
    <ClCompile Include="SpiderMouseEvent.pb.cc" />
  </ItemGroup>
  <ItemGroup>
    <ClInclude Include="..\..\..\..\..\..\..\Program Files\ZeroMQ 4.0.4\include\zmq.h" />
    <ClInclude Include="CommandHandler.hpp" />
    <ClInclude Include="ICommandHandler.hpp" />
    <ClInclude Include="IKeyLogger.hpp" />
    <ClInclude Include="IMessageDeserializer.hpp" />
    <ClInclude Include="ISecurityAgent.hpp" />
    <ClInclude Include="ISpiderCommandHandler.hpp" />
    <ClInclude Include="ISpiderDeamon.hpp" />
    <ClInclude Include="ISpiderEventEmitter.hpp" />
    <ClInclude Include="ISpiderEventListener.hpp" />
    <ClInclude Include="ISpiderEventManager.hpp" />
    <ClInclude Include="ISpiderKeyLogger.hpp" />
    <ClInclude Include="ISpiderNetworkManager.hpp" />
    <ClInclude Include="ISpiderSocket.hpp" />
    <ClInclude Include="ISpiderSocketPoller.hpp" />
    <ClInclude Include="IWindowsContextAgent.hpp" />
    <ClInclude Include="IWindowsKeyListener.hpp" />
    <ClInclude Include="IWindowsMouseListener.hpp" />
    <ClInclude Include="MessageDeserializer.hpp" />
    <ClInclude Include="SecurityAgent.hpp" />
    <ClInclude Include="SpiderContextChangedEvent.pb.h" />
    <ClInclude Include="SpiderDeamon.hpp" />
    <ClInclude Include="SpiderDeserialization.hpp" />
    <ClInclude Include="SpiderEnveloppe.pb.h" />
    <ClInclude Include="SpiderEventEmitter.hpp" />
    <ClInclude Include="SpiderEventListener.hpp" />
    <ClInclude Include="SpiderEventManager.hpp" />
    <ClInclude Include="SpiderKeyLogger.hpp" />
    <ClInclude Include="SpiderKeyLoggingPayload.pb.h" />
    <ClInclude Include="SpiderNetworkManager.hpp" />
    <ClInclude Include="SpiderResponse.pb.h" />
    <ClInclude Include="SpiderSerializer.hpp" />
    <ClInclude Include="test.pb.h" />
    <ClInclude Include="WindowsContextAgent.hpp" />
    <ClInclude Include="WindowsKeyListener.hpp" />
    <ClInclude Include="ZeroMQSecureSocket.hpp" />
    <ClInclude Include="WindowsMouseListener.hpp" />
    <ClInclude Include="ZeroMQSocket.hpp" />
    <ClInclude Include="ZeroMQSocketPoller.hpp" />
    <ClInclude Include="zmq.hpp" />
    <ClInclude Include="zmq_addon.hpp" />
    <ClInclude Include="SpiderMouseEvent.pb.h" />
  </ItemGroup>
</Project>